
Microsoft Visual Studio Solution File, Format Version 12.00
# Visual Studio Version 17
VisualStudioVersion = 17.6.33829.357
MinimumVisualStudioVersion = 10.0.40219.1
Project("{00D1A9C2-B5F0-4AF3-8072-F6C62B433612}") = "RetailManager.Database", "RetailManager.Database\RetailManager.Database.sqlproj", "{C7729338-755C-4B93-B141-6DEFE6844E86}"
EndProject
Project("{FAE04EC0-301F-11D3-BF4B-00C04F79EFBC}") = "RetailManager.DesktopUI", "RetailManager.DesktopUI\RetailManager.DesktopUI.csproj", "{CFD0F671-5C69-48E9-9BCB-040611E71E8E}"
EndProject
Project("{9A19103F-16F7-4668-BE54-9A1E7A4F7556}") = "RetailManager.Core", "RetailManager.Core\RetailManager.Core.csproj", "{CBE71E6C-E5E7-4E94-BF9D-A26439DD24A0}"
EndProject
Project("{9A19103F-16F7-4668-BE54-9A1E7A4F7556}") = "RetailManager.UI.Core", "RetailManager.UI.Core\RetailManager.UI.Core.csproj", "{BB52B180-CB6F-4DD9-BFF9-328F3DA964A6}"
EndProject
Project("{FAE04EC0-301F-11D3-BF4B-00C04F79EFBC}") = "RetailManager.Api(Old)", "RetailManager.Api(Old)\RetailManager.Api(Old).csproj", "{0DD399E3-BC27-48BE-8313-C0ECA5E438CE}"
EndProject
Project("{FAE04EC0-301F-11D3-BF4B-00C04F79EFBC}") = "RetailManager.Api", "RetailManager.Api\RetailManager.Api.csproj", "{805391DF-507B-40D6-A652-A5312FC6C1B3}"
EndProject
Global
	GlobalSection(SolutionConfigurationPlatforms) = preSolution
		Debug|Any CPU = Debug|Any CPU
		Release|Any CPU = Release|Any CPU
	EndGlobalSection
	GlobalSection(ProjectConfigurationPlatforms) = postSolution
		{C7729338-755C-4B93-B141-6DEFE6844E86}.Debug|Any CPU.ActiveCfg = Debug|Any CPU
		{C7729338-755C-4B93-B141-6DEFE6844E86}.Debug|Any CPU.Build.0 = Debug|Any CPU
		{C7729338-755C-4B93-B141-6DEFE6844E86}.Debug|Any CPU.Deploy.0 = Debug|Any CPU
		{C7729338-755C-4B93-B141-6DEFE6844E86}.Release|Any CPU.ActiveCfg = Release|Any CPU
		{C7729338-755C-4B93-B141-6DEFE6844E86}.Release|Any CPU.Build.0 = Release|Any CPU
		{C7729338-755C-4B93-B141-6DEFE6844E86}.Release|Any CPU.Deploy.0 = Release|Any CPU
		{CFD0F671-5C69-48E9-9BCB-040611E71E8E}.Debug|Any CPU.ActiveCfg = Debug|Any CPU
		{CFD0F671-5C69-48E9-9BCB-040611E71E8E}.Debug|Any CPU.Build.0 = Debug|Any CPU
		{CFD0F671-5C69-48E9-9BCB-040611E71E8E}.Release|Any CPU.ActiveCfg = Release|Any CPU
		{CFD0F671-5C69-48E9-9BCB-040611E71E8E}.Release|Any CPU.Build.0 = Release|Any CPU
		{CBE71E6C-E5E7-4E94-BF9D-A26439DD24A0}.Debug|Any CPU.ActiveCfg = Debug|Any CPU
		{CBE71E6C-E5E7-4E94-BF9D-A26439DD24A0}.Debug|Any CPU.Build.0 = Debug|Any CPU
		{CBE71E6C-E5E7-4E94-BF9D-A26439DD24A0}.Release|Any CPU.ActiveCfg = Release|Any CPU
		{CBE71E6C-E5E7-4E94-BF9D-A26439DD24A0}.Release|Any CPU.Build.0 = Release|Any CPU
		{BB52B180-CB6F-4DD9-BFF9-328F3DA964A6}.Debug|Any CPU.ActiveCfg = Debug|Any CPU
		{BB52B180-CB6F-4DD9-BFF9-328F3DA964A6}.Debug|Any CPU.Build.0 = Debug|Any CPU
		{BB52B180-CB6F-4DD9-BFF9-328F3DA964A6}.Release|Any CPU.ActiveCfg = Release|Any CPU
		{BB52B180-CB6F-4DD9-BFF9-328F3DA964A6}.Release|Any CPU.Build.0 = Release|Any CPU
		{0DD399E3-BC27-48BE-8313-C0ECA5E438CE}.Debug|Any CPU.ActiveCfg = Debug|Any CPU
		{0DD399E3-BC27-48BE-8313-C0ECA5E438CE}.Debug|Any CPU.Build.0 = Debug|Any CPU
		{0DD399E3-BC27-48BE-8313-C0ECA5E438CE}.Release|Any CPU.ActiveCfg = Release|Any CPU
		{0DD399E3-BC27-48BE-8313-C0ECA5E438CE}.Release|Any CPU.Build.0 = Release|Any CPU
		{805391DF-507B-40D6-A652-A5312FC6C1B3}.Debug|Any CPU.ActiveCfg = Debug|Any CPU
		{805391DF-507B-40D6-A652-A5312FC6C1B3}.Debug|Any CPU.Build.0 = Debug|Any CPU
		{805391DF-507B-40D6-A652-A5312FC6C1B3}.Release|Any CPU.ActiveCfg = Release|Any CPU
		{805391DF-507B-40D6-A652-A5312FC6C1B3}.Release|Any CPU.Build.0 = Release|Any CPU
	EndGlobalSection
	GlobalSection(SolutionProperties) = preSolution
		HideSolutionNode = FALSE
	EndGlobalSection
	GlobalSection(ExtensibilityGlobals) = postSolution
		SolutionGuid = {704DE245-65BD-4AAA-AA7D-2AB94AB2CC09}
	EndGlobalSection
EndGlobal
